
Microsoft Visual Studio Solution File, Format Version 12.00
# Visual Studio Version 17
VisualStudioVersion = 17.10.34707.107
MinimumVisualStudioVersion = 10.0.40219.1
Project("{9A19103F-16F7-4668-BE54-9A1E7A4F7556}") = "TestSystem.Client", "TestSystem.Client\TestSystem.Client.csproj", "{637F86E2-EB43-462C-B97F-265F9F8DCC62}"
EndProject
Project("{9A19103F-16F7-4668-BE54-9A1E7A4F7556}") = "TestSystem.Server", "TestSystem.Server\TestSystem.Server.csproj", "{A4A72321-1648-4EC9-B272-E762C40475BB}"
EndProject
Project("{FAE04EC0-301F-11D3-BF4B-00C04F79EFBC}") = "TestSystem.Core", "TestSystem.Core\TestSystem.Core.csproj", "{AF8F5404-A4D1-43FD-AE49-192C51C409B0}"
EndProject
Global
	GlobalSection(SolutionConfigurationPlatforms) = preSolution
		Debug|Any CPU = Debug|Any CPU
		Release|Any CPU = Release|Any CPU
	EndGlobalSection
	GlobalSection(ProjectConfigurationPlatforms) = postSolution
		{637F86E2-EB43-462C-B97F-265F9F8DCC62}.Debug|Any CPU.ActiveCfg = Debug|Any CPU
		{637F86E2-EB43-462C-B97F-265F9F8DCC62}.Debug|Any CPU.Build.0 = Debug|Any CPU
		{637F86E2-EB43-462C-B97F-265F9F8DCC62}.Release|Any CPU.ActiveCfg = Release|Any CPU
		{637F86E2-EB43-462C-B97F-265F9F8DCC62}.Release|Any CPU.Build.0 = Release|Any CPU
		{A4A72321-1648-4EC9-B272-E762C40475BB}.Debug|Any CPU.ActiveCfg = Debug|Any CPU
		{A4A72321-1648-4EC9-B272-E762C40475BB}.Debug|Any CPU.Build.0 = Debug|Any CPU
		{A4A72321-1648-4EC9-B272-E762C40475BB}.Release|Any CPU.ActiveCfg = Release|Any CPU
		{A4A72321-1648-4EC9-B272-E762C40475BB}.Release|Any CPU.Build.0 = Release|Any CPU
		{AF8F5404-A4D1-43FD-AE49-192C51C409B0}.Debug|Any CPU.ActiveCfg = Debug|Any CPU
		{AF8F5404-A4D1-43FD-AE49-192C51C409B0}.Debug|Any CPU.Build.0 = Debug|Any CPU
		{AF8F5404-A4D1-43FD-AE49-192C51C409B0}.Release|Any CPU.ActiveCfg = Release|Any CPU
		{AF8F5404-A4D1-43FD-AE49-192C51C409B0}.Release|Any CPU.Build.0 = Release|Any CPU
	EndGlobalSection
	GlobalSection(SolutionProperties) = preSolution
		HideSolutionNode = FALSE
	EndGlobalSection
	GlobalSection(ExtensibilityGlobals) = postSolution
		SolutionGuid = {B2DBB067-58AB-4F5D-A7A1-DB77229ED690}
	EndGlobalSection
EndGlobal
